// !$*UTF8*$!
{
	archiveVersion = 1;
	classes = {
	};
	objectVersion = 56;
	objects = {

/* Begin PBXBuildFile section */
		C744AF6329BF15EA0035025A /* SceneDelegate.swift in Sources */ = {isa = PBXBuildFile; fileRef = C744AF6229BF15EA0035025A /* SceneDelegate.swift */; };
		C744AF6529BF15EA0035025A /* ViewController.swift in Sources */ = {isa = PBXBuildFile; fileRef = C744AF6429BF15EA0035025A /* ViewController.swift */; };
		C744AF6829BF15EA0035025A /* Main.storyboard in Resources */ = {isa = PBXBuildFile; fileRef = C744AF6629BF15EA0035025A /* Main.storyboard */; };
		C744AF6A29BF15EB0035025A /* Assets.xcassets in Resources */ = {isa = PBXBuildFile; fileRef = C744AF6929BF15EB0035025A /* Assets.xcassets */; };
		C744AF6D29BF15EB0035025A /* LaunchScreen.storyboard in Resources */ = {isa = PBXBuildFile; fileRef = C744AF6B29BF15EB0035025A /* LaunchScreen.storyboard */; };
		C744AF7529BF164D0035025A /* CustomLayout.swift in Sources */ = {isa = PBXBuildFile; fileRef = C744AF7429BF164D0035025A /* CustomLayout.swift */; };
		C744AF7729BF16E20035025A /* Model.swift in Sources */ = {isa = PBXBuildFile; fileRef = C744AF7629BF16E20035025A /* Model.swift */; };
		C744AF7929BF25CE0035025A /* AppDelegate.swift in Sources */ = {isa = PBXBuildFile; fileRef = C744AF7829BF25CE0035025A /* AppDelegate.swift */; };
		C794C0C529D4966200D13578 /* DifferentApproach.swift in Sources */ = {isa = PBXBuildFile; fileRef = C794C0C429D4966200D13578 /* DifferentApproach.swift */; };
		C794C0C729D4983F00D13578 /* Helper.swift in Sources */ = {isa = PBXBuildFile; fileRef = C794C0C629D4983F00D13578 /* Helper.swift */; };
		C7B94CA929BF6802006E1E6A /* CollectionViewCell.swift in Sources */ = {isa = PBXBuildFile; fileRef = C7B94CA829BF6802006E1E6A /* CollectionViewCell.swift */; };
/* End PBXBuildFile section */

/* Begin PBXFileReference section */
		C744AF5D29BF15EA0035025A /* GroupLayout.app */ = {isa = PBXFileReference; explicitFileType = wrapper.application; includeInIndex = 0; path = GroupLayout.app; sourceTree = BUILT_PRODUCTS_DIR; };
		C744AF6229BF15EA0035025A /* SceneDelegate.swift */ = {isa = PBXFileReference; lastKnownFileType = sourcecode.swift; path = SceneDelegate.swift; sourceTree = "<group>"; };
		C744AF6429BF15EA0035025A /* ViewController.swift */ = {isa = PBXFileReference; lastKnownFileType = sourcecode.swift; path = ViewController.swift; sourceTree = "<group>"; };
		C744AF6729BF15EA0035025A /* Base */ = {isa = PBXFileReference; lastKnownFileType = file.storyboard; name = Base; path = Base.lproj/Main.storyboard; sourceTree = "<group>"; };
		C744AF6929BF15EB0035025A /* Assets.xcassets */ = {isa = PBXFileReference; lastKnownFileType = folder.assetcatalog; path = Assets.xcassets; sourceTree = "<group>"; };
		C744AF6C29BF15EB0035025A /* Base */ = {isa = PBXFileReference; lastKnownFileType = file.storyboard; name = Base; path = Base.lproj/LaunchScreen.storyboard; sourceTree = "<group>"; };
		C744AF6E29BF15EB0035025A /* Info.plist */ = {isa = PBXFileReference; lastKnownFileType = text.plist.xml; path = Info.plist; sourceTree = "<group>"; };
		C744AF7429BF164D0035025A /* CustomLayout.swift */ = {isa = PBXFileReference; lastKnownFileType = sourcecode.swift; path = CustomLayout.swift; sourceTree = "<group>"; };
		C744AF7629BF16E20035025A /* Model.swift */ = {isa = PBXFileReference; lastKnownFileType = sourcecode.swift; path = Model.swift; sourceTree = "<group>"; };
		C744AF7829BF25CE0035025A /* AppDelegate.swift */ = {isa = PBXFileReference; lastKnownFileType = sourcecode.swift; path = AppDelegate.swift; sourceTree = "<group>"; };
		C794C0C429D4966200D13578 /* DifferentApproach.swift */ = {isa = PBXFileReference; lastKnownFileType = sourcecode.swift; path = DifferentApproach.swift; sourceTree = "<group>"; };
		C794C0C629D4983F00D13578 /* Helper.swift */ = {isa = PBXFileReference; lastKnownFileType = sourcecode.swift; path = Helper.swift; sourceTree = "<group>"; };
		C7B94CA829BF6802006E1E6A /* CollectionViewCell.swift */ = {isa = PBXFileReference; lastKnownFileType = sourcecode.swift; path = CollectionViewCell.swift; sourceTree = "<group>"; };
/* End PBXFileReference section */

/* Begin PBXFrameworksBuildPhase section */
		C744AF5A29BF15EA0035025A /* Frameworks */ = {
			isa = PBXFrameworksBuildPhase;
			buildActionMask = 2147483647;
			files = (
			);
			runOnlyForDeploymentPostprocessing = 0;
		};
/* End PBXFrameworksBuildPhase section */

/* Begin PBXGroup section */
		C744AF5429BF15EA0035025A = {
			isa = PBXGroup;
			children = (
				C744AF5F29BF15EA0035025A /* GroupLayout */,
				C744AF5E29BF15EA0035025A /* Products */,
			);
			sourceTree = "<group>";
		};
		C744AF5E29BF15EA0035025A /* Products */ = {
			isa = PBXGroup;
			children = (
				C744AF5D29BF15EA0035025A /* GroupLayout.app */,
			);
			name = Products;
			sourceTree = "<group>";
		};
		C744AF5F29BF15EA0035025A /* GroupLayout */ = {
			isa = PBXGroup;
			children = (
				C794C0C429D4966200D13578 /* DifferentApproach.swift */,
				C744AF6229BF15EA0035025A /* SceneDelegate.swift */,
				C744AF6429BF15EA0035025A /* ViewController.swift */,
				C744AF7829BF25CE0035025A /* AppDelegate.swift */,
				C744AF6629BF15EA0035025A /* Main.storyboard */,
				C744AF6929BF15EB0035025A /* Assets.xcassets */,
				C744AF6B29BF15EB0035025A /* LaunchScreen.storyboard */,
				C744AF6E29BF15EB0035025A /* Info.plist */,
				C744AF7429BF164D0035025A /* CustomLayout.swift */,
				C744AF7629BF16E20035025A /* Model.swift */,
				C7B94CA829BF6802006E1E6A /* CollectionViewCell.swift */,
				C794C0C629D4983F00D13578 /* Helper.swift */,
			);
			path = GroupLayout;
			sourceTree = "<group>";
		};
/* End PBXGroup section */

/* Begin PBXNativeTarget section */
		C744AF5C29BF15EA0035025A /* GroupLayout */ = {
			isa = PBXNativeTarget;
			buildConfigurationList = C744AF7129BF15EB0035025A /* Build configuration list for PBXNativeTarget "GroupLayout" */;
			buildPhases = (
				C744AF5929BF15EA0035025A /* Sources */,
				C744AF5A29BF15EA0035025A /* Frameworks */,
				C744AF5B29BF15EA0035025A /* Resources */,
			);
			buildRules = (
			);
			dependencies = (
			);
			name = GroupLayout;
			productName = GroupLayout;
			productReference = C744AF5D29BF15EA0035025A /* GroupLayout.app */;
			productType = "com.apple.product-type.application";
		};
/* End PBXNativeTarget section */

/* Begin PBXProject section */
		C744AF5529BF15EA0035025A /* Project object */ = {
			isa = PBXProject;
			attributes = {
				BuildIndependentTargetsInParallel = 1;
				LastSwiftUpdateCheck = 1420;
				LastUpgradeCheck = 1420;
				TargetAttributes = {
					C744AF5C29BF15EA0035025A = {
						CreatedOnToolsVersion = 14.2;
					};
				};
			};
			buildConfigurationList = C744AF5829BF15EA0035025A /* Build configuration list for PBXProject "GroupLayout" */;
			compatibilityVersion = "Xcode 14.0";
			developmentRegion = en;
			hasScannedForEncodings = 0;
			knownRegions = (
				en,
				Base,
			);
			mainGroup = C744AF5429BF15EA0035025A;
			productRefGroup = C744AF5E29BF15EA0035025A /* Products */;
			projectDirPath = "";
			projectRoot = "";
			targets = (
				C744AF5C29BF15EA0035025A /* GroupLayout */,
			);
		};
/* End PBXProject section */

/* Begin PBXResourcesBuildPhase section */
		C744AF5B29BF15EA0035025A /* Resources */ = {
			isa = PBXResourcesBuildPhase;
			buildActionMask = 2147483647;
			files = (
				C744AF6D29BF15EB0035025A /* LaunchScreen.storyboard in Resources */,
				C744AF6A29BF15EB0035025A /* Assets.xcassets in Resources */,
				C744AF6829BF15EA0035025A /* Main.storyboard in Resources */,
			);
			runOnlyForDeploymentPostprocessing = 0;
		};
/* End PBXResourcesBuildPhase section */

/* Begin PBXSourcesBuildPhase section */
		C744AF5929BF15EA0035025A /* Sources */ = {
			isa = PBXSourcesBuildPhase;
			buildActionMask = 2147483647;
			files = (
				C744AF7529BF164D0035025A /* CustomLayout.swift in Sources */,
				C744AF6529BF15EA0035025A /* ViewController.swift in Sources */,
				C7B94CA929BF6802006E1E6A /* CollectionViewCell.swift in Sources */,
				C744AF6329BF15EA0035025A /* SceneDelegate.swift in Sources */,
				C744AF7929BF25CE0035025A /* AppDelegate.swift in Sources */,
				C794C0C529D4966200D13578 /* DifferentApproach.swift in Sources */,
				C744AF7729BF16E20035025A /* Model.swift in Sources */,
				C794C0C729D4983F00D13578 /* Helper.swift in Sources */,
			);
			runOnlyForDeploymentPostprocessing = 0;
		};
/* End PBXSourcesBuildPhase section */

/* Begin PBXVariantGroup section */
		C744AF6629BF15EA0035025A /* Main.storyboard */ = {
			isa = PBXVariantGroup;
			children = (
				C744AF6729BF15EA0035025A /* Base */,
			);
			name = Main.storyboard;
			sourceTree = "<group>";
		};
		C744AF6B29BF15EB0035025A /* LaunchScreen.storyboard */ = {
			isa = PBXVariantGroup;
			children = (
				C744AF6C29BF15EB0035025A /* Base */,
			);
			name = LaunchScreen.storyboard;
			sourceTree = "<group>";
		};
/* End PBXVariantGroup section */

/* Begin XCBuildConfiguration section */
		C744AF6F29BF15EB0035025A /* Debug */ = {
			isa = XCBuildConfiguration;
			buildSettings = {
				ALWAYS_SEARCH_USER_PATHS = NO;
				CLANG_ANALYZER_NONNULL = YES;
				CLANG_ANALYZER_NUMBER_OBJECT_CONVERSION = YES_AGGRESSIVE;
				CLANG_CXX_LANGUAGE_STANDARD = "gnu++20";
				CLANG_ENABLE_MODULES = YES;
				CLANG_ENABLE_OBJC_ARC = YES;
				CLANG_ENABLE_OBJC_WEAK = YES;
				CLANG_WARN_BLOCK_CAPTURE_AUTORELEASING = YES;
				CLANG_WARN_BOOL_CONVERSION = YES;
				CLANG_WARN_COMMA = YES;
				CLANG_WARN_CONSTANT_CONVERSION = YES;
				CLANG_WARN_DEPRECATED_OBJC_IMPLEMENTATIONS = YES;
				CLANG_WARN_DIRECT_OBJC_ISA_USAGE = YES_ERROR;
				CLANG_WARN_DOCUMENTATION_COMMENTS = YES;
				CLANG_WARN_EMPTY_BODY = YES;
				CLANG_WARN_ENUM_CONVERSION = YES;
				CLANG_WARN_INFINITE_RECURSION = YES;
				CLANG_WARN_INT_CONVERSION = YES;
				CLANG_WARN_NON_LITERAL_NULL_CONVERSION = YES;
				CLANG_WARN_OBJC_IMPLICIT_RETAIN_SELF = YES;
				CLANG_WARN_OBJC_LITERAL_CONVERSION = YES;
				CLANG_WARN_OBJC_ROOT_CLASS = YES_ERROR;
				CLANG_WARN_QUOTED_INCLUDE_IN_FRAMEWORK_HEADER = YES;
				CLANG_WARN_RANGE_LOOP_ANALYSIS = YES;
				CLANG_WARN_STRICT_PROTOTYPES = YES;
				CLANG_WARN_SUSPICIOUS_MOVE = YES;
				CLANG_WARN_UNGUARDED_AVAILABILITY = YES_AGGRESSIVE;
				CLANG_WARN_UNREACHABLE_CODE = YES;
				CLANG_WARN__DUPLICATE_METHOD_MATCH = YES;
				COPY_PHASE_STRIP = NO;
				DEBUG_INFORMATION_FORMAT = dwarf;
				ENABLE_STRICT_OBJC_MSGSEND = YES;
				ENABLE_TESTABILITY = YES;
				GCC_C_LANGUAGE_STANDARD = gnu11;
				GCC_DYNAMIC_NO_PIC = NO;
				GCC_NO_COMMON_BLOCKS = YES;
				GCC_OPTIMIZATION_LEVEL = 0;
				GCC_PREPROCESSOR_DEFINITIONS = (
					"DEBUG=1",
					"$(inherited)",
				);
				GCC_WARN_64_TO_32_BIT_CONVERSION = YES;
				GCC_WARN_ABOUT_RETURN_TYPE = YES_ERROR;
				GCC_WARN_UNDECLARED_SELECTOR = YES;
				GCC_WARN_UNINITIALIZED_AUTOS = YES_AGGRESSIVE;
				GCC_WARN_UNUSED_FUNCTION = YES;
				GCC_WARN_UNUSED_VARIABLE = YES;
				IPHONEOS_DEPLOYMENT_TARGET = 16.2;
				MTL_ENABLE_DEBUG_INFO = INCLUDE_SOURCE;
				MTL_FAST_MATH = YES;
				ONLY_ACTIVE_ARCH = YES;
				SDKROOT = iphoneos;
				SWIFT_ACTIVE_COMPILATION_CONDITIONS = DEBUG;
				SWIFT_OPTIMIZATION_LEVEL = "-Onone";
			};
			name = Debug;
		};
		C744AF7029BF15EB0035025A /* Release */ = {
			isa = XCBuildConfiguration;
			buildSettings = {
				ALWAYS_SEARCH_USER_PATHS = NO;
				CLANG_ANALYZER_NONNULL = YES;
				CLANG_ANALYZER_NUMBER_OBJECT_CONVERSION = YES_AGGRESSIVE;
				CLANG_CXX_LANGUAGE_STANDARD = "gnu++20";
				CLANG_ENABLE_MODULES = YES;
				CLANG_ENABLE_OBJC_ARC = YES;
				CLANG_ENABLE_OBJC_WEAK = YES;
				CLANG_WARN_BLOCK_CAPTURE_AUTORELEASING = YES;
				CLANG_WARN_BOOL_CONVERSION = YES;
				CLANG_WARN_COMMA = YES;
				CLANG_WARN_CONSTANT_CONVERSION = YES;
				CLANG_WARN_DEPRECATED_OBJC_IMPLEMENTATIONS = YES;
				CLANG_WARN_DIRECT_OBJC_ISA_USAGE = YES_ERROR;
				CLANG_WARN_DOCUMENTATION_COMMENTS = YES;
				CLANG_WARN_EMPTY_BODY = YES;
				CLANG_WARN_ENUM_CONVERSION = YES;
				CLANG_WARN_INFINITE_RECURSION = YES;
				CLANG_WARN_INT_CONVERSION = YES;
				CLANG_WARN_NON_LITERAL_NULL_CONVERSION = YES;
				CLANG_WARN_OBJC_IMPLICIT_RETAIN_SELF = YES;
				CLANG_WARN_OBJC_LITERAL_CONVERSION = YES;
				CLANG_WARN_OBJC_ROOT_CLASS = YES_ERROR;
				CLANG_WARN_QUOTED_INCLUDE_IN_FRAMEWORK_HEADER = YES;
				CLANG_WARN_RANGE_LOOP_ANALYSIS = YES;
				CLANG_WARN_STRICT_PROTOTYPES = YES;
				CLANG_WARN_SUSPICIOUS_MOVE = YES;
				CLANG_WARN_UNGUARDED_AVAILABILITY = YES_AGGRESSIVE;
				CLANG_WARN_UNREACHABLE_CODE = YES;
				CLANG_WARN__DUPLICATE_METHOD_MATCH = YES;
				COPY_PHASE_STRIP = NO;
				DEBUG_INFORMATION_FORMAT = "dwarf-with-dsym";
				ENABLE_NS_ASSERTIONS = NO;
				ENABLE_STRICT_OBJC_MSGSEND = YES;
				GCC_C_LANGUAGE_STANDARD = gnu11;
				GCC_NO_COMMON_BLOCKS = YES;
				GCC_WARN_64_TO_32_BIT_CONVERSION = YES;
				GCC_WARN_ABOUT_RETURN_TYPE = YES_ERROR;
				GCC_WARN_UNDECLARED_SELECTOR = YES;
				GCC_WARN_UNINITIALIZED_AUTOS = YES_AGGRESSIVE;
				GCC_WARN_UNUSED_FUNCTION = YES;
				GCC_WARN_UNUSED_VARIABLE = YES;
				IPHONEOS_DEPLOYMENT_TARGET = 16.2;
				MTL_ENABLE_DEBUG_INFO = NO;
				MTL_FAST_MATH = YES;
				SDKROOT = iphoneos;
				SWIFT_COMPILATION_MODE = wholemodule;
				SWIFT_OPTIMIZATION_LEVEL = "-O";
				VALIDATE_PRODUCT = YES;
			};
			name = Release;
		};
		C744AF7229BF15EB0035025A /* Debug */ = {
			isa = XCBuildConfiguration;
			buildSettings = {
				ASSETCATALOG_COMPILER_APPICON_NAME = AppIcon;
				ASSETCATALOG_COMPILER_GLOBAL_ACCENT_COLOR_NAME = AccentColor;
				CODE_SIGN_STYLE = Automatic;
				CURRENT_PROJECT_VERSION = 1;
				DEVELOPMENT_TEAM = RNNVA29C6K;
				GENERATE_INFOPLIST_FILE = YES;
				INFOPLIST_FILE = GroupLayout/Info.plist;
				INFOPLIST_KEY_UIApplicationSupportsIndirectInputEvents = YES;
				INFOPLIST_KEY_UILaunchStoryboardName = LaunchScreen;
				INFOPLIST_KEY_UIMainStoryboardFile = Main;
				INFOPLIST_KEY_UISupportedInterfaceOrientations_iPad = "UIInterfaceOrientationPortrait UIInterfaceOrientationPortraitUpsideDown UIInterfaceOrientationLandscapeLeft UIInterfaceOrientationLandscapeRight";
				INFOPLIST_KEY_UISupportedInterfaceOrientations_iPhone = "UIInterfaceOrientationPortrait UIInterfaceOrientationLandscapeLeft UIInterfaceOrientationLandscapeRight";
				IPHONEOS_DEPLOYMENT_TARGET = 15;
				LD_RUNPATH_SEARCH_PATHS = (
					"$(inherited)",
					"@executable_path/Frameworks",
				);
				MARKETING_VERSION = 1.0;
				PRODUCT_BUNDLE_IDENTIFIER = com.example.GroupLayout;
				PRODUCT_NAME = "$(TARGET_NAME)";
				SWIFT_EMIT_LOC_STRINGS = YES;
				SWIFT_VERSION = 5.0;
				TARGETED_DEVICE_FAMILY = "1,2";
			};
			name = Debug;
		};
		C744AF7329BF15EB0035025A /* Release */ = {
			isa = XCBuildConfiguration;
			buildSettings = {
				ASSETCATALOG_COMPILER_APPICON_NAME = AppIcon;
				ASSETCATALOG_COMPILER_GLOBAL_ACCENT_COLOR_NAME = AccentColor;
				CODE_SIGN_STYLE = Automatic;
				CURRENT_PROJECT_VERSION = 1;
				DEVELOPMENT_TEAM = RNNVA29C6K;
				GENERATE_INFOPLIST_FILE = YES;
				INFOPLIST_FILE = GroupLayout/Info.plist;
				INFOPLIST_KEY_UIApplicationSupportsIndirectInputEvents = YES;
				INFOPLIST_KEY_UILaunchStoryboardName = LaunchScreen;
				INFOPLIST_KEY_UIMainStoryboardFile = Main;
				INFOPLIST_KEY_UISupportedInterfaceOrientations_iPad = "UIInterfaceOrientationPortrait UIInterfaceOrientationPortraitUpsideDown UIInterfaceOrientationLandscapeLeft UIInterfaceOrientationLandscapeRight";
				INFOPLIST_KEY_UISupportedInterfaceOrientations_iPhone = "UIInterfaceOrientationPortrait UIInterfaceOrientationLandscapeLeft UIInterfaceOrientationLandscapeRight";
				IPHONEOS_DEPLOYMENT_TARGET = 15;
				LD_RUNPATH_SEARCH_PATHS = (
					"$(inherited)",
					"@executable_path/Frameworks",
				);
				MARKETING_VERSION = 1.0;
				PRODUCT_BUNDLE_IDENTIFIER = com.example.GroupLayout;
				PRODUCT_NAME = "$(TARGET_NAME)";
				SWIFT_EMIT_LOC_STRINGS = YES;
				SWIFT_VERSION = 5.0;
				TARGETED_DEVICE_FAMILY = "1,2";
			};
			name = Release;
		};
/* End XCBuildConfiguration section */

/* Begin XCConfigurationList section */
		C744AF5829BF15EA0035025A /* Build configuration list for PBXProject "GroupLayout" */ = {
			isa = XCConfigurationList;
			buildConfigurations = (
				C744AF6F29BF15EB0035025A /* Debug */,
				C744AF7029BF15EB0035025A /* Release */,
			);
			defaultConfigurationIsVisible = 0;
			defaultConfigurationName = Release;
		};
		C744AF7129BF15EB0035025A /* Build configuration list for PBXNativeTarget "GroupLayout" */ = {
			isa = XCConfigurationList;
			buildConfigurations = (
				C744AF7229BF15EB0035025A /* Debug */,
				C744AF7329BF15EB0035025A /* Release */,
			);
			defaultConfigurationIsVisible = 0;
			defaultConfigurationName = Release;
		};
/* End XCConfigurationList section */
	};
	rootObject = C744AF5529BF15EA0035025A /* Project object */;
}
